
Microsoft Visual Studio Solution File, Format Version 12.00
Project("{FAE04EC0-301F-11D3-BF4B-00C04F79EFBC}") = "Linq2", "Linq2\Linq2.csproj", "{89C20402-29F7-4055-9822-A94BFDDF3CD3}"
EndProject
Global
	GlobalSection(SolutionConfigurationPlatforms) = preSolution
		Debug|Any CPU = Debug|Any CPU
		Release|Any CPU = Release|Any CPU
	EndGlobalSection
	GlobalSection(ProjectConfigurationPlatforms) = postSolution
		{89C20402-29F7-4055-9822-A94BFDDF3CD3}.Debug|Any CPU.ActiveCfg = Debug|Any CPU
		{89C20402-29F7-4055-9822-A94BFDDF3CD3}.Debug|Any CPU.Build.0 = Debug|Any CPU
		{89C20402-29F7-4055-9822-A94BFDDF3CD3}.Release|Any CPU.ActiveCfg = Release|Any CPU
		{89C20402-29F7-4055-9822-A94BFDDF3CD3}.Release|Any CPU.Build.0 = Release|Any CPU
	EndGlobalSection
EndGlobal
